
Microsoft Visual Studio Solution File, Format Version 12.00
# Visual Studio Version 17
VisualStudioVersion = 17.6.33723.286
MinimumVisualStudioVersion = 10.0.40219.1
Project("{FAE04EC0-301F-11D3-BF4B-00C04F79EFBC}") = "Assignment3", "Assignment3.csproj", "{042D155E-A413-4F6A-8758-F423B6E4BB3D}"
EndProject
Global
	GlobalSection(SolutionConfigurationPlatforms) = preSolution
		Debug|Any CPU = Debug|Any CPU
		Release|Any CPU = Release|Any CPU
	EndGlobalSection
	GlobalSection(ProjectConfigurationPlatforms) = postSolution
		{042D155E-A413-4F6A-8758-F423B6E4BB3D}.Debug|Any CPU.ActiveCfg = Debug|Any CPU
		{042D155E-A413-4F6A-8758-F423B6E4BB3D}.Debug|Any CPU.Build.0 = Debug|Any CPU
		{042D155E-A413-4F6A-8758-F423B6E4BB3D}.Release|Any CPU.ActiveCfg = Release|Any CPU
		{042D155E-A413-4F6A-8758-F423B6E4BB3D}.Release|Any CPU.Build.0 = Release|Any CPU
	EndGlobalSection
	GlobalSection(SolutionProperties) = preSolution
		HideSolutionNode = FALSE
	EndGlobalSection
	GlobalSection(ExtensibilityGlobals) = postSolution
		SolutionGuid = {46CF1EB2-6E42-40F9-AEC6-3800DD071448}
	EndGlobalSection
EndGlobal
